{
  "version": 4,
  "terraform_version": "0.12.1",
  "serial": 80,
  "lineage": "8a42b7cb-3a85-a72c-881e-ddd3c13ddf3a",
  "outputs": {},
  "resources": [
    {
      "module": "module.lambda_ami_backup",
      "mode": "managed",
      "type": "aws_cloudwatch_event_rule",
      "name": "daily_utc_6pm",
      "provider": "provider.aws",
      "instances": []
    },
    {
      "module": "module.lambda_ami_backup",
      "mode": "managed",
      "type": "aws_cloudwatch_event_target",
      "name": "target_ami_backup_lambda",
      "provider": "provider.aws",
      "instances": []
    },
    {
      "module": "module.lambda_ami_backup",
      "mode": "managed",
      "type": "aws_iam_role",
      "name": "iam_for_lambda",
      "provider": "provider.aws",
      "instances": [
        {
          "schema_version": 0,
          "attributes": {
            "arn": "arn:aws:iam::072548720675:role/lambda_hjtest_role",
            "assume_role_policy": "{\"Version\":\"2012-10-17\",\"Statement\":[{\"Effect\":\"Allow\",\"Principal\":{\"Service\":\"lambda.amazonaws.com\"},\"Action\":\"sts:AssumeRole\"}]}",
            "create_date": "2019-06-10T15:56:51Z",
            "description": "",
            "force_detach_policies": false,
            "id": "lambda_hjtest_role",
            "max_session_duration": 3600,
            "name": "lambda_hjtest_role",
            "name_prefix": null,
            "path": "/",
            "permissions_boundary": null,
            "tags": {},
            "unique_id": "AROARBZB5UAR6GXK5SOH4"
          }
        }
      ]
    },
    {
      "module": "module.lambda_ami_backup",
      "mode": "managed",
      "type": "aws_iam_role_policy",
      "name": "ami_backup_lambda_ami_backup",
      "provider": "provider.aws",
      "instances": []
    },
    {
      "module": "module.lambda_ami_backup",
      "mode": "managed",
      "type": "aws_iam_role_policy_attachment",
      "name": "ami_backup_lambda_basic_exec",
      "provider": "provider.aws",
      "instances": []
    },
    {
      "module": "module.lambda_ami_backup",
      "mode": "managed",
      "type": "aws_iam_role_policy_attachment",
      "name": "ami_backup_lambda_ec2_readonly",
      "provider": "provider.aws",
      "instances": []
    },
    {
      "module": "module.lambda_ami_backup",
      "mode": "managed",
      "type": "aws_lambda_function",
      "name": "ami_backup_lambda",
      "provider": "provider.aws",
      "instances": []
    },
    {
      "module": "module.lambda_ami_backup",
      "mode": "managed",
      "type": "aws_lambda_permission",
      "name": "ami_backup_lambda_permission",
      "provider": "provider.aws",
      "instances": []
    }
  ]
}
